<?xml version="1.0" encoding="utf-8"?>
<Project ToolsVersion="4.0" xmlns="http://schemas.microsoft.com/developer/msbuild/2003">
  <ItemGroup>
    <Filter Include="Source Files">
      <UniqueIdentifier>{4FC737F1-C7A5-4376-A066-2A32D752A2FF}</UniqueIdentifier>
      <Extensions>cpp;c;cc;cxx;c++;cppm;ixx;def;odl;idl;hpj;bat;asm;asmx</Extensions>
    </Filter>
    <Filter Include="Resource Files">
      <UniqueIdentifier>{67DA6AB6-F800-4c08-8B7A-83BB121AAD01}</UniqueIdentifier>
      <Extensions>rc;ico;cur;bmp;dlg;rc2;rct;bin;rgs;gif;jpg;jpeg;jpe;resx;tiff;tif;png;wav;mfcribbon-ms</Extensions>
    </Filter>
    <Filter Include="ThirdParty">
      <UniqueIdentifier>{b68469cb-7a17-4395-9a0e-868020ce3ed4}</UniqueIdentifier>
    </Filter>
    <Filter Include="ThirdParty\backends">
      <UniqueIdentifier>{67d961c6-e96a-427e-868b-26f3c495b53f}</UniqueIdentifier>
    </Filter>
    <Filter Include="main">
      <UniqueIdentifier>{e17d7c0b-4837-459f-a307-5a5e4fab8bde}</UniqueIdentifier>
    </Filter>
    <Filter Include="lowlevel">
      <UniqueIdentifier>{6f46ceb4-93cd-42c8-a01e-0de49bfddd77}</UniqueIdentifier>
    </Filter>
  </ItemGroup>
  <ItemGroup>
    <ClCompile Include="D:\imgui\imgui.cpp">
      <Filter>Resource Files</Filter>
    </ClCompile>
    <ClCompile Include="D:\imgui\imgui_demo.cpp">
      <Filter>Resource Files</Filter>
    </ClCompile>
    <ClCompile Include="D:\imgui\imgui_draw.cpp">
      <Filter>Resource Files</Filter>
    </ClCompile>
    <ClCompile Include="D:\imgui\imgui_tables.cpp">
      <Filter>Resource Files</Filter>
    </ClCompile>
    <ClCompile Include="D:\imgui\imgui_widgets.cpp">
      <Filter>Resource Files</Filter>
    </ClCompile>
    <ClCompile Include="D:\imgui\backends\imgui_impl_opengl3.cpp">
      <Filter>ThirdParty\backends</Filter>
    </ClCompile>
    <ClCompile Include="D:\imgui\backends\imgui_impl_sdl3.cpp">
      <Filter>ThirdParty\backends</Filter>
    </ClCompile>
    <ClCompile Include="D:\imgui\backends\imgui_impl_win32.cpp">
      <Filter>ThirdParty\backends</Filter>
    </ClCompile>
    <ClCompile Include="main\init.cpp">
      <Filter>main</Filter>
    </ClCompile>
    <ClCompile Include="main\main.cpp">
      <Filter>main</Filter>
    </ClCompile>
    <ClCompile Include="main\settings.cpp">
      <Filter>main</Filter>
    </ClCompile>
    <ClCompile Include="idk\ltt.cpp">
      <Filter>Source Files</Filter>
    </ClCompile>
    <ClCompile Include="config\addconfig.cpp">
      <Filter>Source Files</Filter>
    </ClCompile>
    <ClCompile Include="main\menubar.cpp">
      <Filter>Source Files</Filter>
    </ClCompile>
    <ClCompile Include="config\initconfig.cpp">
      <Filter>Source Files</Filter>
    </ClCompile>
    <ClCompile Include="flogcat\flogcat.cpp">
      <Filter>Source Files</Filter>
    </ClCompile>
    <ClCompile Include="flogcat\flogtimework.cpp">
      <Filter>Source Files</Filter>
    </ClCompile>
    <ClCompile Include="config\ParseYaml.cpp">
      <Filter>Source Files</Filter>
    </ClCompile>
    <ClCompile Include="main\initGUI.cpp">
      <Filter>Source Files</Filter>
    </ClCompile>
  </ItemGroup>
  <ItemGroup>
    <ClInclude Include="D:\imgui\imconfig.h">
      <Filter>Resource Files</Filter>
    </ClInclude>
    <ClInclude Include="D:\imgui\imgui.h">
      <Filter>Resource Files</Filter>
    </ClInclude>
    <ClInclude Include="D:\imgui\imgui_internal.h">
      <Filter>Resource Files</Filter>
    </ClInclude>
    <ClInclude Include="D:\imgui\imstb_rectpack.h">
      <Filter>Resource Files</Filter>
    </ClInclude>
    <ClInclude Include="D:\imgui\imstb_textedit.h">
      <Filter>Resource Files</Filter>
    </ClInclude>
    <ClInclude Include="D:\imgui\imstb_truetype.h">
      <Filter>Resource Files</Filter>
    </ClInclude>
    <ClInclude Include="D:\imgui\backends\imgui_impl_opengl3.h">
      <Filter>ThirdParty\backends</Filter>
    </ClInclude>
    <ClInclude Include="D:\imgui\backends\imgui_impl_sdl3.h">
      <Filter>ThirdParty\backends</Filter>
    </ClInclude>
    <ClInclude Include="D:\imgui\backends\imgui_impl_win32.h">
      <Filter>ThirdParty\backends</Filter>
    </ClInclude>
    <ClInclude Include="idk\ltt.h">
      <Filter>lowlevel</Filter>
    </ClInclude>
    <ClInclude Include="main\init.hpp">
      <Filter>main</Filter>
    </ClInclude>
    <ClInclude Include="main\main.hpp">
      <Filter>main</Filter>
    </ClInclude>
    <ClInclude Include="config\config.hpp" />
    <ClInclude Include="idk\IconsMaterialSymbols.h" />
    <ClInclude Include="idk\IconsFontAwesome7.h" />
    <ClInclude Include="flogcat\flogcat.hpp" />
    <ClInclude Include="config\parseYaml.hpp" />
  </ItemGroup>
  <ItemGroup>
    <None Include="vcpkg-configuration.json" />
    <None Include="vcpkg.json" />
  </ItemGroup>
  <ItemGroup>
    <ResourceCompile Include="..\resources\resources.rc">
      <Filter>Resource Files</Filter>
    </ResourceCompile>
  </ItemGroup>
</Project>